
Microsoft Visual Studio Solution File, Format Version 12.00
# Visual Studio 15
VisualStudioVersion = 15.0.27703.2035
MinimumVisualStudioVersion = 10.0.40219.1
Project("{FAE04EC0-301F-11D3-BF4B-00C04F79EFBC}") = "ThreadingSimulator", "ThreadingSimulator\ThreadingSimulator.csproj", "{3F6AAC82-9E2C-4A2A-BA02-2DE2F2915686}"
EndProject
Global
	GlobalSection(SolutionConfigurationPlatforms) = preSolution
		Debug|Any CPU = Debug|Any CPU
		Release|Any CPU = Release|Any CPU
	EndGlobalSection
	GlobalSection(ProjectConfigurationPlatforms) = postSolution
		{3F6AAC82-9E2C-4A2A-BA02-2DE2F2915686}.Debug|Any CPU.ActiveCfg = Debug|Any CPU
		{3F6AAC82-9E2C-4A2A-BA02-2DE2F2915686}.Debug|Any CPU.Build.0 = Debug|Any CPU
		{3F6AAC82-9E2C-4A2A-BA02-2DE2F2915686}.Release|Any CPU.ActiveCfg = Release|Any CPU
		{3F6AAC82-9E2C-4A2A-BA02-2DE2F2915686}.Release|Any CPU.Build.0 = Release|Any CPU
	EndGlobalSection
	GlobalSection(SolutionProperties) = preSolution
		HideSolutionNode = FALSE
	EndGlobalSection
	GlobalSection(ExtensibilityGlobals) = postSolution
		SolutionGuid = {D69F2E8D-AC4C-47E5-8A20-0F04A40C1B98}
	EndGlobalSection
EndGlobal
